
Microsoft Visual Studio Solution File, Format Version 12.00
# Visual Studio Version 17
VisualStudioVersion = 17.8.34525.116
MinimumVisualStudioVersion = 10.0.40219.1
Project("{FAE04EC0-301F-11D3-BF4B-00C04F79EFBC}") = "Api", "Api\Api.csproj", "{7686AD86-4894-4B9E-92B4-2818AE9839BE}"
EndProject
Global
	GlobalSection(SolutionConfigurationPlatforms) = preSolution
		Debug|Any CPU = Debug|Any CPU
		Release|Any CPU = Release|Any CPU
	EndGlobalSection
	GlobalSection(ProjectConfigurationPlatforms) = postSolution
		{7686AD86-4894-4B9E-92B4-2818AE9839BE}.Debug|Any CPU.ActiveCfg = Debug|Any CPU
		{7686AD86-4894-4B9E-92B4-2818AE9839BE}.Debug|Any CPU.Build.0 = Debug|Any CPU
		{7686AD86-4894-4B9E-92B4-2818AE9839BE}.Release|Any CPU.ActiveCfg = Release|Any CPU
		{7686AD86-4894-4B9E-92B4-2818AE9839BE}.Release|Any CPU.Build.0 = Release|Any CPU
	EndGlobalSection
	GlobalSection(SolutionProperties) = preSolution
		HideSolutionNode = FALSE
	EndGlobalSection
	GlobalSection(ExtensibilityGlobals) = postSolution
		SolutionGuid = {D5958697-2C95-425D-8E4E-012873CC35D4}
	EndGlobalSection
EndGlobal
